
Microsoft Visual Studio Solution File, Format Version 12.00
# Visual Studio Version 17
VisualStudioVersion = 17.14.36414.22 d17.14
MinimumVisualStudioVersion = 10.0.40219.1
Project("{FAE04EC0-301F-11D3-BF4B-00C04F79EFBC}") = "Final_Project_1", "Final_Project_1\Final_Project_1.csproj", "{868C2444-ECA2-4EE1-8A02-D2AE946B3A87}"
EndProject
Global
	GlobalSection(SolutionConfigurationPlatforms) = preSolution
		Debug|Any CPU = Debug|Any CPU
		Release|Any CPU = Release|Any CPU
	EndGlobalSection
	GlobalSection(ProjectConfigurationPlatforms) = postSolution
		{868C2444-ECA2-4EE1-8A02-D2AE946B3A87}.Debug|Any CPU.ActiveCfg = Debug|Any CPU
		{868C2444-ECA2-4EE1-8A02-D2AE946B3A87}.Debug|Any CPU.Build.0 = Debug|Any CPU
		{868C2444-ECA2-4EE1-8A02-D2AE946B3A87}.Release|Any CPU.ActiveCfg = Release|Any CPU
		{868C2444-ECA2-4EE1-8A02-D2AE946B3A87}.Release|Any CPU.Build.0 = Release|Any CPU
	EndGlobalSection
	GlobalSection(SolutionProperties) = preSolution
		HideSolutionNode = FALSE
	EndGlobalSection
	GlobalSection(ExtensibilityGlobals) = postSolution
		SolutionGuid = {E741BC25-07A1-4E60-BFC9-B767D459C7DB}
	EndGlobalSection
EndGlobal
